{
  "pins" : [
    {
      "identity" : "swiftui-introspect",
      "kind" : "remoteSourceControl",
      "location" : "https://github.com/siteline/swiftui-introspect",
      "state" : {
        "revision" : "c2b0625d0ef385994e4c6bc36116c0e7bfa6dafa",
        "version" : "1.4.0-beta.2"
      }
    },
    {
      "identity" : "swiftuioverlaycontainer",
      "kind" : "remoteSourceControl",
      "location" : "https://github.com/fatbobman/SwiftUIOverlayContainer.git",
      "state" : {
        "revision" : "64a124ba613adc9f2bb7bf00f5a5e8b22a816d14",
        "version" : "2.4.1"
      }
    }
  ],
  "version" : 2
}
